
Microsoft Visual Studio Solution File, Format Version 12.00
# Visual Studio Version 17
VisualStudioVersion = 17.13.35825.156 d17.13
MinimumVisualStudioVersion = 10.0.40219.1
Project("{FAE04EC0-301F-11D3-BF4B-00C04F79EFBC}") = "UGTLive", "UGTLive.csproj", "{6AC8EFE4-F98D-4CE7-A6CA-7A6D169EDC55}"
EndProject
Global
	GlobalSection(SolutionConfigurationPlatforms) = preSolution
		Debug|Any CPU = Debug|Any CPU
		Release|Any CPU = Release|Any CPU
	EndGlobalSection
	GlobalSection(ProjectConfigurationPlatforms) = postSolution
		{6AC8EFE4-F98D-4CE7-A6CA-7A6D169EDC55}.Debug|Any CPU.ActiveCfg = Debug|Any CPU
		{6AC8EFE4-F98D-4CE7-A6CA-7A6D169EDC55}.Debug|Any CPU.Build.0 = Debug|Any CPU
		{6AC8EFE4-F98D-4CE7-A6CA-7A6D169EDC55}.Release|Any CPU.ActiveCfg = Release|Any CPU
		{6AC8EFE4-F98D-4CE7-A6CA-7A6D169EDC55}.Release|Any CPU.Build.0 = Release|Any CPU
	EndGlobalSection
	GlobalSection(SolutionProperties) = preSolution
		HideSolutionNode = FALSE
	EndGlobalSection
	GlobalSection(ExtensibilityGlobals) = postSolution
		SolutionGuid = {FB9EA2AB-D033-44F9-BBF3-19C6AC822B2E}
	EndGlobalSection
EndGlobal